core:changelogs:
  - content: "---\npackages:\n  npm:@aryasaatvik/upm:\n    type: patch\n---\n\n### Harden npm v3 lock handling\n\nNormalize scalar platform fields, preserve legacy engines, handle absent optional edges, and reject unsupported package sources before fetching. Cover nested shadows and scoped package paths.\n"
    filename: 2026-09-28-lock-hardening.md
    v: 0.0.0
core:packages:
  - changelogIds:
      - 2026-09-28-lock-hardening.md
    id: npm:@aryasaatvik/upm
    updated: true
npm:packages:
  - id: npm:@aryasaatvik/upm
