{
  "name": "fixture-root-metadata",
  "version": "1.0.0",
  "lockfileVersion": 3,
  "requires": true,
  "packages": {
    "": {
      "name": "fixture-root-metadata",
      "version": "1.0.0",
      "hasInstallScript": true,
      "license": "MIT",
      "bin": {
        "fixture-root-metadata": "bin/cli.js"
      },
      "engines": {
        "node": ">=20"
      },
      "funding": {
        "type": "individual",
        "url": "https://example.invalid/fund"
      }
    }
  }
}
