{
  "lockfileVersion": 1,
  "root": {
    "name": "bench-nitro",
    "version": "0.0.0",
    "specs": {
      "dependencies": {
        "nitro": "3.0.260903-beta"
      }
    },
    "dependencies": {
      "nitro": "3.0.260903-beta"
    }
  },
  "packages": {
    "@oxc-project/types@0.149.0": {
      "integrity": "sha512-Efcc+iF0j3Bf67YjEqIqWXbX5XddXoK/Mw4K1/JuXwRCZ8N16VR7iT23nlCc9XrveFVh/E5Rqs2StT0V8v9LdA=="
    },
    "@rolldown/binding-android-arm-eabi@1.2.8": {
      "integrity": "sha512-tN5aztYkKCte4i5SIrrz5yK/HMjEuCqCSCJa418jOV8tZ1cBY3YF2otxB1ktPxzsLA1BeTqwapK0bfjxNvHJVw==",
      "os": [
        "android"
      ],
      "cpu": [
        "arm"
      ]
    },
    "@rolldown/binding-android-arm64@1.2.8": {
      "integrity": "sha512-dIYTWl9XprMUiQFoc55KUyk/oS8SKYH3zFl0LTR7RT0Xj4hgSVyuJcroH8JUu8RcpF8fTB6E0aOwCkZoYPcDSQ==",
      "os": [
        "android"
      ],
      "cpu": [
        "arm64"
      ]
    },
    "@rolldown/binding-darwin-arm64@1.2.8": {
      "integrity": "sha512-PCSDQGXD2IyTEFrcgPyBM8jJuGmrbCMuoIOXdbEGVemruKACXoLQJrb+A45Z0L5t1RQkdfJprAYPkikbh7dzdA==",
      "os": [
        "darwin"
      ],
      "cpu": [
        "arm64"
      ]
    },
    "@rolldown/binding-darwin-x64@1.2.8": {
      "integrity": "sha512-Uk7lRsGhPFHVX/sAUC6D5H9Ol30dFHd6iquokll2th3LpdJ3F5CzQB+7DHn0Ri2mG+U7k2zXiPHDrwZenXhwSA==",
      "os": [
        "darwin"
      ],
      "cpu": [
        "x64"
      ]
    },
    "@rolldown/binding-freebsd-x64@1.2.8": {
      "integrity": "sha512-DjszaTEVogPqA5bYzsEeqDCQxbcp2fexQwKcRspYji2yzR68fCf+e4fx6kBSRDwX5/brZaHw/hWS9+A/+/w9sQ==",
      "os": [
        "freebsd"
      ],
      "cpu": [
        "x64"
      ]
    },
    "@rolldown/binding-linux-arm-gnueabihf@1.2.8": {
      "integrity": "sha512-zmwa7FTmdzB6aaEEuuls18H6Ap5JmJPSoPTuXixeJZV6tG40SyLkApQtz1g8ptZtiEKqj9OM0oNLPh1AgvE31Q==",
      "os": [
        "linux"
      ],
      "cpu": [
        "arm"
      ]
    },
    "@rolldown/binding-linux-arm64-gnu@1.2.8": {
      "integrity": "sha512-KdYQDPHwJVnbFwdTGMgxsI9SqblBlz6STGM+w1We/d5B8OWWidYH0MwkU/uA1wM5fIpO2MkOVxXrNzzuZhw9ew==",
      "os": [
        "linux"
      ],
      "cpu": [
        "arm64"
      ],
      "libc": [
        "glibc"
      ]
    },
    "@rolldown/binding-linux-arm64-musl@1.2.8": {
      "integrity": "sha512-jFJTifHnNPY+yzOoNZQfSIysrVyXzEQPhPnOUjmD1bcQGHH6s7c8cViKWar8YplQImE5N9JRqMCLrM2CdxOrZA==",
      "os": [
        "linux"
      ],
      "cpu": [
        "arm64"
      ],
      "libc": [
        "musl"
      ]
    },
    "@rolldown/binding-linux-ppc64-gnu@1.2.8": {
      "integrity": "sha512-FhiOziBDWPBjbcmRzfLyIJnaP7AVMFXT7YCXPjXxj7wKU3vx24RjrCNN/zjvVa+N2vVoHJwCoUBvsrN/DG3zIA==",
      "os": [
        "linux"
      ],
      "cpu": [
        "ppc64"
      ],
      "libc": [
        "glibc"
      ]
    },
    "@rolldown/binding-linux-s390x-gnu@1.2.8": {
      "integrity": "sha512-WnHfADMzOV2Y55wlx1hzzQnar/wDt/VdvWSD99r18Mz9ylNieIGOkRx3UV21h7m/eJvjySYJkO26VvGNFkwsIQ==",
      "os": [
        "linux"
      ],
      "cpu": [
        "s390x"
      ],
      "libc": [
        "glibc"
      ]
    },
    "@rolldown/binding-linux-x64-gnu@1.2.8": {
      "integrity": "sha512-H9tRr5ibfXFVLxbPOseVewewFpl28zcEdjRDt2FTUZU7odxP0gEv1ki4/kGmcGOh78oRwZuuQllGLZ9zTJp84g==",
      "os": [
        "linux"
      ],
      "cpu": [
        "x64"
      ],
      "libc": [
        "glibc"
      ]
    },
    "@rolldown/binding-linux-x64-musl@1.2.8": {
      "integrity": "sha512-UefiqfM3D6IVNlZ8tSGs9+Ejjud2T+oxO0IHADU45Y+lyEjD2dVFyZHbkfX0LUb5Zugo/oIv1eCO/KVYhgYJYA==",
      "os": [
        "linux"
      ],
      "cpu": [
        "x64"
      ],
      "libc": [
        "musl"
      ]
    },
    "@rolldown/binding-openharmony-arm64@1.2.8": {
      "integrity": "sha512-637Ke4kWSy6rp9cxQ9gMOXlxPgIw/c1beASV4M//3+9I4uwBVOOl74G+e3zyU3u19U7RkRl/HuewixZ/Z6+Rjg==",
      "os": [
        "openharmony"
      ],
      "cpu": [
        "arm64"
      ]
    },
    "@rolldown/binding-win32-arm64-msvc@1.2.8": {
      "integrity": "sha512-xWBkPOF1Q9k/Gv1nQXnVdLxKu74jXppuOM4Z3mnypVUJJJwLsMl7hNJGRAUJoG8A5MgOI1ACKM+wBFxSJzKy4A==",
      "os": [
        "win32"
      ],
      "cpu": [
        "arm64"
      ]
    },
    "@rolldown/binding-win32-x64-msvc@1.2.8": {
      "integrity": "sha512-uz2ZvfgXbxqNwijjjbxrnvALwpyODDcgc1T1N8N3rf/DXKQmaFwmB4LX4yyjggpwN2obdQLb2rgirX5ffCWYng==",
      "os": [
        "win32"
      ],
      "cpu": [
        "x64"
      ]
    },
    "@rolldown/pluginutils@1.0.1": {
      "integrity": "sha512-2j9bGt5Jh8hj+vPtgzPtl72j0yRxHAyumoo6TNfAjsLB04UtpSvPbPcDcBMxz7n+9CYB0c1GxQFxYRg2jimqGw=="
    },
    "consola@3.4.2": {
      "integrity": "sha512-5IKcdX0nnYavi6G7TtOhwkYzyjfJlatbjMjuLSfE2kYT5pMDOilZ4OvMhi637CcDICTmz3wARPoyhqyX1Y+XvA=="
    },
    "crossws@0.4.12": {
      "integrity": "sha512-aypfsr6t0uNvkqaZc6zvBfXzC6pLI0/sIulpkV6RwCVtZqG5ebBzv4weImKK0VNCj91Wl9F5j7p5WU4MNrybng==",
      "optionalDependencies": {
        "srvx": "1.0.4"
      },
      "peerDependencies": {
        "srvx": ">=0.11.5"
      },
      "peers": {
        "srvx": "optional"
      }
    },
    "db0@0.4.1": {
      "integrity": "sha512-6RBY/bSn42UrqATwsiULj2uYFyEykB3XeA/NLIVQeHNXlYV6D4Idxx3/aa6k5Y45Dwzx7sygeLotnqHWSeURYA=="
    },
    "env-runner@0.2.1": {
      "integrity": "sha512-2iDP2DfheAMMAKeXBggEuFmpSq+1Xs6wQoHba1g65pZFXlC3VHD1O6/tgVzS6GQLv+P2koPKZPKgKhXkigNBdg==",
      "dependencies": {
        "crossws": "0.4.12",
        "exsolve": "1.1.1",
        "httpxy": "0.5.5",
        "srvx": "1.0.4"
      },
      "bin": {
        "env-runner": "dist/cli.mjs"
      }
    },
    "exsolve@1.1.1": {
      "integrity": "sha512-9U/jZUgjnSGyntRr6y5Muu1MJcwFl6kPu7k8qLF0IMNfLqvw0NZ4nnVDq0RVoZ0RvCyumib4Ez3KYrVfilrw+g=="
    },
    "h3@2.0.1-rc.31": {
      "integrity": "sha512-AG7qZzF99a0BSYoXT3evJgIhwSIUKow7R+hwkLRZS06WJ9nbSb7QXUDgs1ByBjp6svTvl++N/GKA7I9YPz9cQQ==",
      "dependencies": {
        "rou3": "0.9.2",
        "srvx": "1.0.4"
      },
      "optionalDependencies": {
        "crossws": "0.4.12",
        "ocache": "0.3.0"
      },
      "bin": {
        "h3": "bin/h3.mjs"
      },
      "peerDependencies": {
        "crossws": "^0.4.12",
        "ocache": ">=0.3.0"
      },
      "peers": {
        "crossws": "optional",
        "ocache": "optional"
      }
    },
    "hookable@6.1.1": {
      "integrity": "sha512-U9LYDy1CwhMCnprUfeAZWZGByVbhd54hwepegYTK7Pi5NvqEj63ifz5z+xukznehT7i6NIZRu89Ay1AZmRsLEQ=="
    },
    "httpxy@0.5.5": {
      "integrity": "sha512-uDjmnPyp1q4Sgzf3w+J/Fc6UqcCEj0x4Wjp7OqK5dGhNeDgpyrAmnS6ey8QWrX3SWDon2DMKf9sBa5X9+CVyMA=="
    },
    "nf3@0.3.24": {
      "integrity": "sha512-HxLK4bo+5jNsEETZp4w3tJblHOA9MCBY14IN9nZJJV8JDxt9yNIYxuBuLMjTAR5GFa3HL61+8VQDUrXv3/C8fw=="
    },
    "nitro@3.0.260903-beta": {
      "integrity": "sha512-54gANPi62O8rfMvepiJUVuIzEIinYfpeHbebywlLxvVTgIYXDwSvpaU9Id+0sJOBjBx0wC1/CVYXJkH7SY+l0g==",
      "dependencies": {
        "consola": "3.4.2",
        "crossws": "0.4.12",
        "db0": "0.4.1",
        "env-runner": "0.2.1",
        "h3": "2.0.1-rc.31",
        "hookable": "6.1.1",
        "nf3": "0.3.24",
        "ocache": "0.3.0",
        "rolldown": "1.2.8",
        "rou3": "0.9.2",
        "srvx": "1.0.4",
        "unenv": "2.0.0-rc.24",
        "unstorage": "2.0.0-alpha.10"
      },
      "bin": {
        "nitro": "dist/cli/index.mjs"
      }
    },
    "ocache@0.3.0": {
      "integrity": "sha512-RS/9P0zeBb0gDJmadGERLH8lZNXK7xbufTDhclkXGvFGTsj0G4M5/cLk+mizcERH29mLXNnocfB5wjcK70wGJg=="
    },
    "pathe@2.0.3": {
      "integrity": "sha512-WUjGcAqP1gQacoQe+OBJsFA7Ld4DyXuUIjZ5cc75cLHvJ7dtNsTugphxIADwspS+AraAUePCKrSVtPLFj/F88w=="
    },
    "rolldown@1.2.8": {
      "integrity": "sha512-Z67nTmhZe7anqnM/EjI392w5i/ANUinjip7QYsOyN37oayduxt3ksdX0hf5OOamkAd53BiIHfbfSzfUmzKFQqQ==",
      "dependencies": {
        "@oxc-project/types": "0.149.0",
        "@rolldown/pluginutils": "1.0.1"
      },
      "optionalDependencies": {
        "@rolldown/binding-android-arm-eabi": "1.2.8",
        "@rolldown/binding-android-arm64": "1.2.8",
        "@rolldown/binding-darwin-arm64": "1.2.8",
        "@rolldown/binding-darwin-x64": "1.2.8",
        "@rolldown/binding-freebsd-x64": "1.2.8",
        "@rolldown/binding-linux-arm-gnueabihf": "1.2.8",
        "@rolldown/binding-linux-arm64-gnu": "1.2.8",
        "@rolldown/binding-linux-arm64-musl": "1.2.8",
        "@rolldown/binding-linux-ppc64-gnu": "1.2.8",
        "@rolldown/binding-linux-s390x-gnu": "1.2.8",
        "@rolldown/binding-linux-x64-gnu": "1.2.8",
        "@rolldown/binding-linux-x64-musl": "1.2.8",
        "@rolldown/binding-openharmony-arm64": "1.2.8",
        "@rolldown/binding-win32-arm64-msvc": "1.2.8",
        "@rolldown/binding-win32-x64-msvc": "1.2.8"
      },
      "bin": {
        "rolldown": "bin/cli.mjs"
      }
    },
    "rou3@0.9.2": {
      "integrity": "sha512-3SOzvaAg8rkHrXtRjpCvCvbyO5to9oOO27Z/XqHEYXfMRVSw/qMIVdmaOk9W2lcRLtR6dlqTjo9hDeJk70QBYQ=="
    },
    "srvx@1.0.4": {
      "integrity": "sha512-eZmYaxUfZSo7/8m8UdsHRJNmTLSCTPPom9d7a60vMmuVeZvwhbvflRR+00/CxTCjMOFa5+H8tgBeNDVZ+w7AAQ==",
      "bin": {
        "srvx": "bin/srvx.mjs"
      }
    },
    "unenv@2.0.0-rc.24": {
      "integrity": "sha512-i7qRCmY42zmCwnYlh9H2SvLEypEFGye5iRmEMKjcGi7zk9UquigRjFtTLz0TYqr0ZGLZhaMHl/foy1bZR+Cwlw==",
      "dependencies": {
        "pathe": "2.0.3"
      }
    },
    "unstorage@2.0.0-alpha.10": {
      "integrity": "sha512-6h1veZp8gnp4dGllf0tDijoXxDYymJu251IpKKkrSVH+QHL6tXFbwG85KM+CBHSgpkkgtPuIiZ9oLCLP5+1Evw=="
    }
  }
}
